
Microsoft Visual Studio Solution File, Format Version 12.00
# Visual Studio Version 17
VisualStudioVersion = 17.2.32516.85
MinimumVisualStudioVersion = 10.0.40219.1
Project("{8BC9CEB8-8B4A-11D0-8D11-00A0C91BC942}") = "skee64-memleak-patch", "skee64-memleak-patch.vcxproj", "{A8196CD5-FA64-4C41-B210-4F2D03AEC74B}"
EndProject
Global
	GlobalSection(SolutionConfigurationPlatforms) = preSolution
		Debug|x64 = Debug|x64
		Debug|x86 = Debug|x86
		Dep-AVX|x64 = Dep-AVX|x64
		Dep-AVX|x86 = Dep-AVX|x86
		Dep-AVX2|x64 = Dep-AVX2|x64
		Dep-AVX2|x86 = Dep-AVX2|x86
		Dep-IntelAvx2MT|x64 = Dep-IntelAvx2MT|x64
		Dep-IntelAvx2MT|x86 = Dep-IntelAvx2MT|x86
		Dep-IntelSSE42MT|x64 = Dep-IntelSSE42MT|x64
		Dep-IntelSSE42MT|x86 = Dep-IntelSSE42MT|x86
		Dep-SSE2|x64 = Dep-SSE2|x64
		Dep-SSE2|x86 = Dep-SSE2|x86
		IntelRelAvx2MT|x64 = IntelRelAvx2MT|x64
		IntelRelAvx2MT|x86 = IntelRelAvx2MT|x86
		PreRelease MT|x64 = PreRelease MT|x64
		PreRelease MT|x86 = PreRelease MT|x86
		PreRelease|x64 = PreRelease|x64
		PreRelease|x86 = PreRelease|x86
		PreReleaseAVX2 MT|x64 = PreReleaseAVX2 MT|x64
		PreReleaseAVX2 MT|x86 = PreReleaseAVX2 MT|x86
		Release DT|x64 = Release DT|x64
		Release DT|x86 = Release DT|x86
		Release MD|x64 = Release MD|x64
		Release MD|x86 = Release MD|x86
		Release MT - NB|x64 = Release MT - NB|x64
		Release MT - NB|x86 = Release MT - NB|x86
		Release MT|x64 = Release MT|x64
		Release MT|x86 = Release MT|x86
		Release|x64 = Release|x64
		Release|x86 = Release|x86
		ReleaseAVX2 MD|x64 = ReleaseAVX2 MD|x64
		ReleaseAVX2 MD|x86 = ReleaseAVX2 MD|x86
		ReleaseAVX2 MT W7|x64 = ReleaseAVX2 MT W7|x64
		ReleaseAVX2 MT W7|x86 = ReleaseAVX2 MT W7|x86
		ReleaseAVX2 MT|x64 = ReleaseAVX2 MT|x64
		ReleaseAVX2 MT|x86 = ReleaseAVX2 MT|x86
		ReleaseAVX2|x64 = ReleaseAVX2|x64
		ReleaseAVX2|x86 = ReleaseAVX2|x86
		Release-L MD|x64 = Release-L MD|x64
		Release-L MD|x86 = Release-L MD|x86
		Release-L-D MD|x64 = Release-L-D MD|x64
		Release-L-D MD|x86 = Release-L-D MD|x86
		Release-L-MT|x64 = Release-L-MT|x64
		Release-L-MT|x86 = Release-L-MT|x86
		Release-L-OA MD|x64 = Release-L-OA MD|x64
		Release-L-OA MD|x86 = Release-L-OA MD|x86
	EndGlobalSection
	GlobalSection(ProjectConfigurationPlatforms) = postSolution
		{A8196CD5-FA64-4C41-B210-4F2D03AEC74B}.Debug|x64.ActiveCfg = Debug|x64
		{A8196CD5-FA64-4C41-B210-4F2D03AEC74B}.Debug|x64.Build.0 = Debug|x64
		{A8196CD5-FA64-4C41-B210-4F2D03AEC74B}.Debug|x86.ActiveCfg = Debug|Win32
		{A8196CD5-FA64-4C41-B210-4F2D03AEC74B}.Debug|x86.Build.0 = Debug|Win32
		{A8196CD5-FA64-4C41-B210-4F2D03AEC74B}.Dep-AVX|x64.ActiveCfg = Debug|x64
		{A8196CD5-FA64-4C41-B210-4F2D03AEC74B}.Dep-AVX|x64.Build.0 = Debug|x64
		{A8196CD5-FA64-4C41-B210-4F2D03AEC74B}.Dep-AVX|x86.ActiveCfg = Debug|Win32
		{A8196CD5-FA64-4C41-B210-4F2D03AEC74B}.Dep-AVX|x86.Build.0 = Debug|Win32
		{A8196CD5-FA64-4C41-B210-4F2D03AEC74B}.Dep-AVX2|x64.ActiveCfg = Debug|x64
		{A8196CD5-FA64-4C41-B210-4F2D03AEC74B}.Dep-AVX2|x64.Build.0 = Debug|x64
		{A8196CD5-FA64-4C41-B210-4F2D03AEC74B}.Dep-AVX2|x86.ActiveCfg = Debug|Win32
		{A8196CD5-FA64-4C41-B210-4F2D03AEC74B}.Dep-AVX2|x86.Build.0 = Debug|Win32
		{A8196CD5-FA64-4C41-B210-4F2D03AEC74B}.Dep-IntelAvx2MT|x64.ActiveCfg = Debug|x64
		{A8196CD5-FA64-4C41-B210-4F2D03AEC74B}.Dep-IntelAvx2MT|x64.Build.0 = Debug|x64
		{A8196CD5-FA64-4C41-B210-4F2D03AEC74B}.Dep-IntelAvx2MT|x86.ActiveCfg = Debug|Win32
		{A8196CD5-FA64-4C41-B210-4F2D03AEC74B}.Dep-IntelAvx2MT|x86.Build.0 = Debug|Win32
		{A8196CD5-FA64-4C41-B210-4F2D03AEC74B}.Dep-IntelSSE42MT|x64.ActiveCfg = Debug|x64
		{A8196CD5-FA64-4C41-B210-4F2D03AEC74B}.Dep-IntelSSE42MT|x64.Build.0 = Debug|x64
		{A8196CD5-FA64-4C41-B210-4F2D03AEC74B}.Dep-IntelSSE42MT|x86.ActiveCfg = Debug|Win32
		{A8196CD5-FA64-4C41-B210-4F2D03AEC74B}.Dep-IntelSSE42MT|x86.Build.0 = Debug|Win32
		{A8196CD5-FA64-4C41-B210-4F2D03AEC74B}.Dep-SSE2|x64.ActiveCfg = Debug|x64
		{A8196CD5-FA64-4C41-B210-4F2D03AEC74B}.Dep-SSE2|x64.Build.0 = Debug|x64
		{A8196CD5-FA64-4C41-B210-4F2D03AEC74B}.Dep-SSE2|x86.ActiveCfg = Debug|Win32
		{A8196CD5-FA64-4C41-B210-4F2D03AEC74B}.Dep-SSE2|x86.Build.0 = Debug|Win32
		{A8196CD5-FA64-4C41-B210-4F2D03AEC74B}.IntelRelAvx2MT|x64.ActiveCfg = Debug|x64
		{A8196CD5-FA64-4C41-B210-4F2D03AEC74B}.IntelRelAvx2MT|x64.Build.0 = Debug|x64
		{A8196CD5-FA64-4C41-B210-4F2D03AEC74B}.IntelRelAvx2MT|x86.ActiveCfg = Debug|Win32
		{A8196CD5-FA64-4C41-B210-4F2D03AEC74B}.IntelRelAvx2MT|x86.Build.0 = Debug|Win32
		{A8196CD5-FA64-4C41-B210-4F2D03AEC74B}.PreRelease MT|x64.ActiveCfg = Release|x64
		{A8196CD5-FA64-4C41-B210-4F2D03AEC74B}.PreRelease MT|x64.Build.0 = Release|x64
		{A8196CD5-FA64-4C41-B210-4F2D03AEC74B}.PreRelease MT|x86.ActiveCfg = Release|Win32
		{A8196CD5-FA64-4C41-B210-4F2D03AEC74B}.PreRelease MT|x86.Build.0 = Release|Win32
		{A8196CD5-FA64-4C41-B210-4F2D03AEC74B}.PreRelease|x64.ActiveCfg = Release|x64
		{A8196CD5-FA64-4C41-B210-4F2D03AEC74B}.PreRelease|x64.Build.0 = Release|x64
		{A8196CD5-FA64-4C41-B210-4F2D03AEC74B}.PreRelease|x86.ActiveCfg = Release|Win32
		{A8196CD5-FA64-4C41-B210-4F2D03AEC74B}.PreRelease|x86.Build.0 = Release|Win32
		{A8196CD5-FA64-4C41-B210-4F2D03AEC74B}.PreReleaseAVX2 MT|x64.ActiveCfg = Release|x64
		{A8196CD5-FA64-4C41-B210-4F2D03AEC74B}.PreReleaseAVX2 MT|x64.Build.0 = Release|x64
		{A8196CD5-FA64-4C41-B210-4F2D03AEC74B}.PreReleaseAVX2 MT|x86.ActiveCfg = Release|Win32
		{A8196CD5-FA64-4C41-B210-4F2D03AEC74B}.PreReleaseAVX2 MT|x86.Build.0 = Release|Win32
		{A8196CD5-FA64-4C41-B210-4F2D03AEC74B}.Release DT|x64.ActiveCfg = Release|x64
		{A8196CD5-FA64-4C41-B210-4F2D03AEC74B}.Release DT|x64.Build.0 = Release|x64
		{A8196CD5-FA64-4C41-B210-4F2D03AEC74B}.Release DT|x86.ActiveCfg = Release|Win32
		{A8196CD5-FA64-4C41-B210-4F2D03AEC74B}.Release DT|x86.Build.0 = Release|Win32
		{A8196CD5-FA64-4C41-B210-4F2D03AEC74B}.Release MD|x64.ActiveCfg = Release|x64
		{A8196CD5-FA64-4C41-B210-4F2D03AEC74B}.Release MD|x64.Build.0 = Release|x64
		{A8196CD5-FA64-4C41-B210-4F2D03AEC74B}.Release MD|x86.ActiveCfg = Release|Win32
		{A8196CD5-FA64-4C41-B210-4F2D03AEC74B}.Release MD|x86.Build.0 = Release|Win32
		{A8196CD5-FA64-4C41-B210-4F2D03AEC74B}.Release MT - NB|x64.ActiveCfg = Release|x64
		{A8196CD5-FA64-4C41-B210-4F2D03AEC74B}.Release MT - NB|x64.Build.0 = Release|x64
		{A8196CD5-FA64-4C41-B210-4F2D03AEC74B}.Release MT - NB|x86.ActiveCfg = Release|Win32
		{A8196CD5-FA64-4C41-B210-4F2D03AEC74B}.Release MT - NB|x86.Build.0 = Release|Win32
		{A8196CD5-FA64-4C41-B210-4F2D03AEC74B}.Release MT|x64.ActiveCfg = Release|x64
		{A8196CD5-FA64-4C41-B210-4F2D03AEC74B}.Release MT|x64.Build.0 = Release|x64
		{A8196CD5-FA64-4C41-B210-4F2D03AEC74B}.Release MT|x86.ActiveCfg = Release|Win32
		{A8196CD5-FA64-4C41-B210-4F2D03AEC74B}.Release MT|x86.Build.0 = Release|Win32
		{A8196CD5-FA64-4C41-B210-4F2D03AEC74B}.Release|x64.ActiveCfg = Release|x64
		{A8196CD5-FA64-4C41-B210-4F2D03AEC74B}.Release|x64.Build.0 = Release|x64
		{A8196CD5-FA64-4C41-B210-4F2D03AEC74B}.Release|x86.ActiveCfg = Release|Win32
		{A8196CD5-FA64-4C41-B210-4F2D03AEC74B}.Release|x86.Build.0 = Release|Win32
		{A8196CD5-FA64-4C41-B210-4F2D03AEC74B}.ReleaseAVX2 MD|x64.ActiveCfg = Release|x64
		{A8196CD5-FA64-4C41-B210-4F2D03AEC74B}.ReleaseAVX2 MD|x64.Build.0 = Release|x64
		{A8196CD5-FA64-4C41-B210-4F2D03AEC74B}.ReleaseAVX2 MD|x86.ActiveCfg = Release|Win32
		{A8196CD5-FA64-4C41-B210-4F2D03AEC74B}.ReleaseAVX2 MD|x86.Build.0 = Release|Win32
		{A8196CD5-FA64-4C41-B210-4F2D03AEC74B}.ReleaseAVX2 MT W7|x64.ActiveCfg = Release|x64
		{A8196CD5-FA64-4C41-B210-4F2D03AEC74B}.ReleaseAVX2 MT W7|x64.Build.0 = Release|x64
		{A8196CD5-FA64-4C41-B210-4F2D03AEC74B}.ReleaseAVX2 MT W7|x86.ActiveCfg = Release|Win32
		{A8196CD5-FA64-4C41-B210-4F2D03AEC74B}.ReleaseAVX2 MT W7|x86.Build.0 = Release|Win32
		{A8196CD5-FA64-4C41-B210-4F2D03AEC74B}.ReleaseAVX2 MT|x64.ActiveCfg = Release|x64
		{A8196CD5-FA64-4C41-B210-4F2D03AEC74B}.ReleaseAVX2 MT|x64.Build.0 = Release|x64
		{A8196CD5-FA64-4C41-B210-4F2D03AEC74B}.ReleaseAVX2 MT|x86.ActiveCfg = Release|Win32
		{A8196CD5-FA64-4C41-B210-4F2D03AEC74B}.ReleaseAVX2 MT|x86.Build.0 = Release|Win32
		{A8196CD5-FA64-4C41-B210-4F2D03AEC74B}.ReleaseAVX2|x64.ActiveCfg = Release|x64
		{A8196CD5-FA64-4C41-B210-4F2D03AEC74B}.ReleaseAVX2|x64.Build.0 = Release|x64
		{A8196CD5-FA64-4C41-B210-4F2D03AEC74B}.ReleaseAVX2|x86.ActiveCfg = Release|Win32
		{A8196CD5-FA64-4C41-B210-4F2D03AEC74B}.ReleaseAVX2|x86.Build.0 = Release|Win32
		{A8196CD5-FA64-4C41-B210-4F2D03AEC74B}.Release-L MD|x64.ActiveCfg = Release|x64
		{A8196CD5-FA64-4C41-B210-4F2D03AEC74B}.Release-L MD|x64.Build.0 = Release|x64
		{A8196CD5-FA64-4C41-B210-4F2D03AEC74B}.Release-L MD|x86.ActiveCfg = Release|Win32
		{A8196CD5-FA64-4C41-B210-4F2D03AEC74B}.Release-L MD|x86.Build.0 = Release|Win32
		{A8196CD5-FA64-4C41-B210-4F2D03AEC74B}.Release-L-D MD|x64.ActiveCfg = Release|x64
		{A8196CD5-FA64-4C41-B210-4F2D03AEC74B}.Release-L-D MD|x64.Build.0 = Release|x64
		{A8196CD5-FA64-4C41-B210-4F2D03AEC74B}.Release-L-D MD|x86.ActiveCfg = Release|Win32
		{A8196CD5-FA64-4C41-B210-4F2D03AEC74B}.Release-L-D MD|x86.Build.0 = Release|Win32
		{A8196CD5-FA64-4C41-B210-4F2D03AEC74B}.Release-L-MT|x64.ActiveCfg = Release|x64
		{A8196CD5-FA64-4C41-B210-4F2D03AEC74B}.Release-L-MT|x64.Build.0 = Release|x64
		{A8196CD5-FA64-4C41-B210-4F2D03AEC74B}.Release-L-MT|x86.ActiveCfg = Release|Win32
		{A8196CD5-FA64-4C41-B210-4F2D03AEC74B}.Release-L-MT|x86.Build.0 = Release|Win32
		{A8196CD5-FA64-4C41-B210-4F2D03AEC74B}.Release-L-OA MD|x64.ActiveCfg = Release|x64
		{A8196CD5-FA64-4C41-B210-4F2D03AEC74B}.Release-L-OA MD|x64.Build.0 = Release|x64
		{A8196CD5-FA64-4C41-B210-4F2D03AEC74B}.Release-L-OA MD|x86.ActiveCfg = Release|Win32
		{A8196CD5-FA64-4C41-B210-4F2D03AEC74B}.Release-L-OA MD|x86.Build.0 = Release|Win32
	EndGlobalSection
	GlobalSection(SolutionProperties) = preSolution
		HideSolutionNode = FALSE
	EndGlobalSection
	GlobalSection(ExtensibilityGlobals) = postSolution
		SolutionGuid = {0761B37E-98BC-44C5-AF6C-EA4707E03877}
	EndGlobalSection
EndGlobal
